
Microsoft Visual Studio Solution File, Format Version 12.00
# Visual Studio Version 16
VisualStudioVersion = 16.0.28803.156
MinimumVisualStudioVersion = 10.0.40219.1
Project("{FAE04EC0-301F-11D3-BF4B-00C04F79EFBC}") = "CKEditor-Custom-Image-Upload-Adapter", "CKEditor-Custom-Image-Upload-Adapter\CKEditor-Custom-Image-Upload-Adapter.csproj", "{1BFB1A27-8DD1-40C6-9E38-DDC7CA74BA4E}"
EndProject
Global
	GlobalSection(SolutionConfigurationPlatforms) = preSolution
		Debug|Any CPU = Debug|Any CPU
		Release|Any CPU = Release|Any CPU
	EndGlobalSection
	GlobalSection(ProjectConfigurationPlatforms) = postSolution
		{1BFB1A27-8DD1-40C6-9E38-DDC7CA74BA4E}.Debug|Any CPU.ActiveCfg = Debug|Any CPU
		{1BFB1A27-8DD1-40C6-9E38-DDC7CA74BA4E}.Debug|Any CPU.Build.0 = Debug|Any CPU
		{1BFB1A27-8DD1-40C6-9E38-DDC7CA74BA4E}.Release|Any CPU.ActiveCfg = Release|Any CPU
		{1BFB1A27-8DD1-40C6-9E38-DDC7CA74BA4E}.Release|Any CPU.Build.0 = Release|Any CPU
	EndGlobalSection
	GlobalSection(SolutionProperties) = preSolution
		HideSolutionNode = FALSE
	EndGlobalSection
	GlobalSection(ExtensibilityGlobals) = postSolution
		SolutionGuid = {426274CB-8A28-4F50-B0C5-6473B53A3EC4}
	EndGlobalSection
EndGlobal
